{
  "version": 4,
  "terraform_version": "1.14.6",
  "serial": 38,
  "lineage": "c1c3d044-e5e6-7da8-12c5-b219981cbe13",
  "outputs": {
    "public_ip_address": {
      "value": "20.235.35.205",
      "type": "string"
    }
  },
  "resources": [
    {
      "mode": "managed",
      "type": "azurerm_linux_virtual_machine",
      "name": "vm",
      "provider": "provider[\"registry.terraform.io/hashicorp/azurerm\"]",
      "instances": [
        {
          "schema_version": 0,
          "attributes": {
            "additional_capabilities": [],
            "admin_password": null,
            "admin_ssh_key": [
              {
                "public_key": "ssh-rsa AAAAB3NzaC1yc2EAAAADAQABAAACAQC5Ks3WFTqfrBdCLzHGP4D8DU70cQRPfP9sHhR+4J9vQF8xa4YgTHmEzTiMhLfUayyJFmDPx/UOabwqHM1ai7f2Bt4HBNM+pvmWwkN4qwSpvHxhBwrrbQZQVQb5xTfC3/SczT6RfY3x5rQLOrISbvvIEKcseogsauziGweMVfJCIqGlzcMBrCtLYOYtHDS5J7TZN74HTIOgndD+dJnrYSP4PaxF6wPOXpNSuDvgB1lDjUnYR1QQ0MYBzoiqsTbA57kWuUNqHuHpxQdk9ywYs0+PTafcYxLB81EYEx5h3+FBrgNuD7xzk90L7vWCjS0/Bfn+rHUuBbBf8RIZWIVLDwjYdOMeybaVpHyVZQKFcMpgkSKPOv5WNFPm06P4Z1H5uTINzpqBsIwAWkZOolsz1f8kbhM340K+ueD5mDg46CZ3AhvjCBrmjEBWEwQkH9Fy9aJQV64iKArogNyN+7AhYk1iruPXC9kXpMc/0GfM6VCh6kwIhiSF3uFsCVAoP9MqK/XIPC5hCF0us8uFGVs11yVL7+nvId5/SUtYaU/BiOzkLnQ2nAPLrIWPTIQwjPIz5quPbavpztrZa3LRdwSkkowQZfJ1YPtf00RmtTDFneQa/Xa3ksoMeo258ZMTNEmSAaNhmUrd3kBjGY02o4uHujKGHYoAnfHfnG8LsvJuS3MyyQ== sushant@Lenovo-Ideapad\n",
                "username": "adminuser"
              }
            ],
            "admin_username": "adminuser",
            "allow_extension_operations": true,
            "availability_set_id": "",
            "boot_diagnostics": [],
            "bypass_platform_safety_checks_on_user_schedule_enabled": false,
            "capacity_reservation_group_id": "",
            "computer_name": "Jenkins-Docker-VM",
            "custom_data": null,
            "dedicated_host_group_id": "",
            "dedicated_host_id": "",
            "disable_password_authentication": true,
            "disk_controller_type": "",
            "edge_zone": "",
            "encryption_at_host_enabled": false,
            "eviction_policy": "",
            "extensions_time_budget": "PT1H30M",
            "gallery_application": [],
            "id": "/subscriptions/dc09713c-7d31-40ff-a15b-47032d864c73/resourceGroups/DevSecOps-Capstone-RG/providers/Microsoft.Compute/virtualMachines/Jenkins-Docker-VM",
            "identity": [],
            "license_type": "",
            "location": "southindia",
            "max_bid_price": -1,
            "name": "Jenkins-Docker-VM",
            "network_interface_ids": [
              "/subscriptions/dc09713c-7d31-40ff-a15b-47032d864c73/resourceGroups/DevSecOps-Capstone-RG/providers/Microsoft.Network/networkInterfaces/jenkins-nic"
            ],
            "os_disk": [
              {
                "caching": "ReadWrite",
                "diff_disk_settings": [],
                "disk_encryption_set_id": "",
                "disk_size_gb": 30,
                "id": "/subscriptions/dc09713c-7d31-40ff-a15b-47032d864c73/resourceGroups/DEVSECOPS-CAPSTONE-RG/providers/Microsoft.Compute/disks/Jenkins-Docker-VM_disk1_6ee06b6e427f4d4d8933907c6d5ac2b1",
                "name": "Jenkins-Docker-VM_disk1_6ee06b6e427f4d4d8933907c6d5ac2b1",
                "secure_vm_disk_encryption_set_id": "",
                "security_encryption_type": "",
                "storage_account_type": "Standard_LRS",
                "write_accelerator_enabled": false
              }
            ],
            "os_image_notification": [],
            "os_managed_disk_id": "/subscriptions/dc09713c-7d31-40ff-a15b-47032d864c73/resourceGroups/DEVSECOPS-CAPSTONE-RG/providers/Microsoft.Compute/disks/Jenkins-Docker-VM_disk1_6ee06b6e427f4d4d8933907c6d5ac2b1",
            "patch_assessment_mode": "ImageDefault",
            "patch_mode": "ImageDefault",
            "plan": [],
            "platform_fault_domain": -1,
            "priority": "Regular",
            "private_ip_address": "10.0.1.4",
            "private_ip_addresses": [
              "10.0.1.4"
            ],
            "provision_vm_agent": true,
            "proximity_placement_group_id": "",
            "public_ip_address": "20.235.35.205",
            "public_ip_addresses": [
              "20.235.35.205"
            ],
            "reboot_setting": "",
            "resource_group_name": "DevSecOps-Capstone-RG",
            "secret": [],
            "secure_boot_enabled": false,
            "size": "Standard_D2s_v3",
            "source_image_id": "",
            "source_image_reference": [
              {
                "offer": "0001-com-ubuntu-server-jammy",
                "publisher": "Canonical",
                "sku": "22_04-lts",
                "version": "latest"
              }
            ],
            "tags": {},
            "termination_notification": [],
            "timeouts": null,
            "user_data": "",
            "virtual_machine_id": "4a62ecd4-cf94-454b-a3c8-80123a6b64d7",
            "virtual_machine_scale_set_id": "",
            "vm_agent_platform_updates_enabled": false,
            "vtpm_enabled": false,
            "zone": ""
          },
          "sensitive_attributes": [
            [
              {
                "type": "get_attr",
                "value": "admin_password"
              }
            ],
            [
              {
                "type": "get_attr",
                "value": "custom_data"
              }
            ]
          ],
          "identity_schema_version": 0,
          "private": "eyJlMmJmYjczMC1lY2FhLTExZTYtOGY4OC0zNDM2M2JjN2M0YzAiOnsiY3JlYXRlIjoyNzAwMDAwMDAwMDAwLCJkZWxldGUiOjI3MDAwMDAwMDAwMDAsInJlYWQiOjMwMDAwMDAwMDAwMCwidXBkYXRlIjoyNzAwMDAwMDAwMDAwfX0=",
          "dependencies": [
            "azurerm_network_interface.nic",
            "azurerm_public_ip.pip",
            "azurerm_resource_group.rg",
            "azurerm_subnet.subnet",
            "azurerm_virtual_network.vnet"
          ]
        }
      ]
    },
    {
      "mode": "managed",
      "type": "azurerm_network_interface",
      "name": "nic",
      "provider": "provider[\"registry.terraform.io/hashicorp/azurerm\"]",
      "instances": [
        {
          "schema_version": 0,
          "attributes": {
            "accelerated_networking_enabled": false,
            "applied_dns_servers": [],
            "auxiliary_mode": "",
            "auxiliary_sku": "",
            "dns_servers": [],
            "edge_zone": "",
            "id": "/subscriptions/dc09713c-7d31-40ff-a15b-47032d864c73/resourceGroups/DevSecOps-Capstone-RG/providers/Microsoft.Network/networkInterfaces/jenkins-nic",
            "internal_dns_name_label": "",
            "internal_domain_name_suffix": "z41ddus3hebuvldnfk1gl3nqbb.tx.internal.cloudapp.net",
            "ip_configuration": [
              {
                "gateway_load_balancer_frontend_ip_configuration_id": "",
                "name": "internal",
                "primary": true,
                "private_ip_address": "10.0.1.4",
                "private_ip_address_allocation": "Dynamic",
                "private_ip_address_version": "IPv4",
                "public_ip_address_id": "/subscriptions/dc09713c-7d31-40ff-a15b-47032d864c73/resourceGroups/DevSecOps-Capstone-RG/providers/Microsoft.Network/publicIPAddresses/jenkins-public-ip",
                "subnet_id": "/subscriptions/dc09713c-7d31-40ff-a15b-47032d864c73/resourceGroups/DevSecOps-Capstone-RG/providers/Microsoft.Network/virtualNetworks/jenkins-vnet/subnets/jenkins-subnet"
              }
            ],
            "ip_forwarding_enabled": false,
            "location": "southindia",
            "mac_address": "00-0D-3A-CA-36-0C",
            "name": "jenkins-nic",
            "private_ip_address": "10.0.1.4",
            "private_ip_addresses": [
              "10.0.1.4"
            ],
            "resource_group_name": "DevSecOps-Capstone-RG",
            "tags": {},
            "timeouts": null,
            "virtual_machine_id": "/subscriptions/dc09713c-7d31-40ff-a15b-47032d864c73/resourceGroups/DevSecOps-Capstone-RG/providers/Microsoft.Compute/virtualMachines/Jenkins-Docker-VM"
          },
          "sensitive_attributes": [],
          "identity_schema_version": 0,
          "identity": {
            "name": "jenkins-nic",
            "resource_group_name": "DevSecOps-Capstone-RG",
            "subscription_id": "dc09713c-7d31-40ff-a15b-47032d864c73"
          },
          "private": "eyJlMmJmYjczMC1lY2FhLTExZTYtOGY4OC0zNDM2M2JjN2M0YzAiOnsiY3JlYXRlIjoxODAwMDAwMDAwMDAwLCJkZWxldGUiOjE4MDAwMDAwMDAwMDAsInJlYWQiOjMwMDAwMDAwMDAwMCwidXBkYXRlIjoxODAwMDAwMDAwMDAwfX0=",
          "dependencies": [
            "azurerm_public_ip.pip",
            "azurerm_resource_group.rg",
            "azurerm_subnet.subnet",
            "azurerm_virtual_network.vnet"
          ]
        }
      ]
    },
    {
      "mode": "managed",
      "type": "azurerm_network_interface_security_group_association",
      "name": "example",
      "provider": "provider[\"registry.terraform.io/hashicorp/azurerm\"]",
      "instances": [
        {
          "schema_version": 0,
          "attributes": {
            "id": "/subscriptions/dc09713c-7d31-40ff-a15b-47032d864c73/resourceGroups/DevSecOps-Capstone-RG/providers/Microsoft.Network/networkInterfaces/jenkins-nic|/subscriptions/dc09713c-7d31-40ff-a15b-47032d864c73/resourceGroups/DevSecOps-Capstone-RG/providers/Microsoft.Network/networkSecurityGroups/jenkins-nsg",
            "network_interface_id": "/subscriptions/dc09713c-7d31-40ff-a15b-47032d864c73/resourceGroups/DevSecOps-Capstone-RG/providers/Microsoft.Network/networkInterfaces/jenkins-nic",
            "network_security_group_id": "/subscriptions/dc09713c-7d31-40ff-a15b-47032d864c73/resourceGroups/DevSecOps-Capstone-RG/providers/Microsoft.Network/networkSecurityGroups/jenkins-nsg",
            "timeouts": null
          },
          "sensitive_attributes": [],
          "identity_schema_version": 0,
          "private": "eyJlMmJmYjczMC1lY2FhLTExZTYtOGY4OC0zNDM2M2JjN2M0YzAiOnsiY3JlYXRlIjoxODAwMDAwMDAwMDAwLCJkZWxldGUiOjE4MDAwMDAwMDAwMDAsInJlYWQiOjMwMDAwMDAwMDAwMH19",
          "dependencies": [
            "azurerm_network_interface.nic",
            "azurerm_network_security_group.nsg",
            "azurerm_public_ip.pip",
            "azurerm_resource_group.rg",
            "azurerm_subnet.subnet",
            "azurerm_virtual_network.vnet"
          ]
        }
      ]
    },
    {
      "mode": "managed",
      "type": "azurerm_network_security_group",
      "name": "nsg",
      "provider": "provider[\"registry.terraform.io/hashicorp/azurerm\"]",
      "instances": [
        {
          "schema_version": 0,
          "attributes": {
            "id": "/subscriptions/dc09713c-7d31-40ff-a15b-47032d864c73/resourceGroups/DevSecOps-Capstone-RG/providers/Microsoft.Network/networkSecurityGroups/jenkins-nsg",
            "location": "southindia",
            "name": "jenkins-nsg",
            "resource_group_name": "DevSecOps-Capstone-RG",
            "security_rule": [
              {
                "access": "Allow",
                "description": "",
                "destination_address_prefix": "*",
                "destination_address_prefixes": [],
                "destination_application_security_group_ids": [],
                "destination_port_range": "22",
                "destination_port_ranges": [],
                "direction": "Inbound",
                "name": "AllowSSH",
                "priority": 100,
                "protocol": "Tcp",
                "source_address_prefix": "*",
                "source_address_prefixes": [],
                "source_application_security_group_ids": [],
                "source_port_range": "*",
                "source_port_ranges": []
              },
              {
                "access": "Allow",
                "description": "",
                "destination_address_prefix": "*",
                "destination_address_prefixes": [],
                "destination_application_security_group_ids": [],
                "destination_port_range": "3000",
                "destination_port_ranges": [],
                "direction": "Inbound",
                "name": "AllowGrafana",
                "priority": 130,
                "protocol": "Tcp",
                "source_address_prefix": "*",
                "source_address_prefixes": [],
                "source_application_security_group_ids": [],
                "source_port_range": "*",
                "source_port_ranges": []
              },
              {
                "access": "Allow",
                "description": "",
                "destination_address_prefix": "*",
                "destination_address_prefixes": [],
                "destination_application_security_group_ids": [],
                "destination_port_range": "32560",
                "destination_port_ranges": [],
                "direction": "Inbound",
                "name": "AllowK8sNodePort",
                "priority": 120,
                "protocol": "Tcp",
                "source_address_prefix": "*",
                "source_address_prefixes": [],
                "source_application_security_group_ids": [],
                "source_port_range": "*",
                "source_port_ranges": []
              },
              {
                "access": "Allow",
                "description": "",
                "destination_address_prefix": "*",
                "destination_address_prefixes": [],
                "destination_application_security_group_ids": [],
                "destination_port_range": "8080",
                "destination_port_ranges": [],
                "direction": "Inbound",
                "name": "AllowJenkins",
                "priority": 110,
                "protocol": "Tcp",
                "source_address_prefix": "*",
                "source_address_prefixes": [],
                "source_application_security_group_ids": [],
                "source_port_range": "*",
                "source_port_ranges": []
              }
            ],
            "tags": {},
            "timeouts": null
          },
          "sensitive_attributes": [],
          "identity_schema_version": 0,
          "identity": {
            "name": "jenkins-nsg",
            "resource_group_name": "DevSecOps-Capstone-RG",
            "subscription_id": "dc09713c-7d31-40ff-a15b-47032d864c73"
          },
          "private": "eyJlMmJmYjczMC1lY2FhLTExZTYtOGY4OC0zNDM2M2JjN2M0YzAiOnsiY3JlYXRlIjoxODAwMDAwMDAwMDAwLCJkZWxldGUiOjE4MDAwMDAwMDAwMDAsInJlYWQiOjMwMDAwMDAwMDAwMCwidXBkYXRlIjoxODAwMDAwMDAwMDAwfX0=",
          "dependencies": [
            "azurerm_resource_group.rg"
          ]
        }
      ]
    },
    {
      "mode": "managed",
      "type": "azurerm_network_security_rule",
      "name": "grafana",
      "provider": "provider[\"registry.terraform.io/hashicorp/azurerm\"]",
      "instances": [
        {
          "schema_version": 0,
          "attributes": {
            "access": "Allow",
            "description": "",
            "destination_address_prefix": "*",
            "destination_address_prefixes": [],
            "destination_application_security_group_ids": [],
            "destination_port_range": "3000",
            "destination_port_ranges": [],
            "direction": "Inbound",
            "id": "/subscriptions/dc09713c-7d31-40ff-a15b-47032d864c73/resourceGroups/DevSecOps-Capstone-RG/providers/Microsoft.Network/networkSecurityGroups/jenkins-nsg/securityRules/AllowGrafana",
            "name": "AllowGrafana",
            "network_security_group_name": "jenkins-nsg",
            "priority": 130,
            "protocol": "Tcp",
            "resource_group_name": "DevSecOps-Capstone-RG",
            "source_address_prefix": "*",
            "source_address_prefixes": [],
            "source_application_security_group_ids": [],
            "source_port_range": "*",
            "source_port_ranges": [],
            "timeouts": null
          },
          "sensitive_attributes": [],
          "identity_schema_version": 0,
          "identity": {
            "name": "AllowGrafana",
            "network_security_group_name": "jenkins-nsg",
            "resource_group_name": "DevSecOps-Capstone-RG",
            "subscription_id": "dc09713c-7d31-40ff-a15b-47032d864c73"
          },
          "private": "eyJlMmJmYjczMC1lY2FhLTExZTYtOGY4OC0zNDM2M2JjN2M0YzAiOnsiY3JlYXRlIjoxODAwMDAwMDAwMDAwLCJkZWxldGUiOjE4MDAwMDAwMDAwMDAsInJlYWQiOjMwMDAwMDAwMDAwMCwidXBkYXRlIjoxODAwMDAwMDAwMDAwfX0=",
          "dependencies": [
            "azurerm_network_security_group.nsg",
            "azurerm_resource_group.rg"
          ]
        }
      ]
    },
    {
      "mode": "managed",
      "type": "azurerm_network_security_rule",
      "name": "jenkins",
      "provider": "provider[\"registry.terraform.io/hashicorp/azurerm\"]",
      "instances": [
        {
          "schema_version": 0,
          "attributes": {
            "access": "Allow",
            "description": "",
            "destination_address_prefix": "*",
            "destination_address_prefixes": [],
            "destination_application_security_group_ids": [],
            "destination_port_range": "8080",
            "destination_port_ranges": [],
            "direction": "Inbound",
            "id": "/subscriptions/dc09713c-7d31-40ff-a15b-47032d864c73/resourceGroups/DevSecOps-Capstone-RG/providers/Microsoft.Network/networkSecurityGroups/jenkins-nsg/securityRules/AllowJenkins",
            "name": "AllowJenkins",
            "network_security_group_name": "jenkins-nsg",
            "priority": 110,
            "protocol": "Tcp",
            "resource_group_name": "DevSecOps-Capstone-RG",
            "source_address_prefix": "*",
            "source_address_prefixes": [],
            "source_application_security_group_ids": [],
            "source_port_range": "*",
            "source_port_ranges": [],
            "timeouts": null
          },
          "sensitive_attributes": [],
          "identity_schema_version": 0,
          "identity": {
            "name": "AllowJenkins",
            "network_security_group_name": "jenkins-nsg",
            "resource_group_name": "DevSecOps-Capstone-RG",
            "subscription_id": "dc09713c-7d31-40ff-a15b-47032d864c73"
          },
          "private": "eyJlMmJmYjczMC1lY2FhLTExZTYtOGY4OC0zNDM2M2JjN2M0YzAiOnsiY3JlYXRlIjoxODAwMDAwMDAwMDAwLCJkZWxldGUiOjE4MDAwMDAwMDAwMDAsInJlYWQiOjMwMDAwMDAwMDAwMCwidXBkYXRlIjoxODAwMDAwMDAwMDAwfX0=",
          "dependencies": [
            "azurerm_network_security_group.nsg",
            "azurerm_resource_group.rg"
          ]
        }
      ]
    },
    {
      "mode": "managed",
      "type": "azurerm_network_security_rule",
      "name": "k8s_nodeport",
      "provider": "provider[\"registry.terraform.io/hashicorp/azurerm\"]",
      "instances": [
        {
          "schema_version": 0,
          "attributes": {
            "access": "Allow",
            "description": "",
            "destination_address_prefix": "*",
            "destination_address_prefixes": [],
            "destination_application_security_group_ids": [],
            "destination_port_range": "32560",
            "destination_port_ranges": [],
            "direction": "Inbound",
            "id": "/subscriptions/dc09713c-7d31-40ff-a15b-47032d864c73/resourceGroups/DevSecOps-Capstone-RG/providers/Microsoft.Network/networkSecurityGroups/jenkins-nsg/securityRules/AllowK8sNodePort",
            "name": "AllowK8sNodePort",
            "network_security_group_name": "jenkins-nsg",
            "priority": 120,
            "protocol": "Tcp",
            "resource_group_name": "DevSecOps-Capstone-RG",
            "source_address_prefix": "*",
            "source_address_prefixes": [],
            "source_application_security_group_ids": [],
            "source_port_range": "*",
            "source_port_ranges": [],
            "timeouts": null
          },
          "sensitive_attributes": [],
          "identity_schema_version": 0,
          "identity": {
            "name": "AllowK8sNodePort",
            "network_security_group_name": "jenkins-nsg",
            "resource_group_name": "DevSecOps-Capstone-RG",
            "subscription_id": "dc09713c-7d31-40ff-a15b-47032d864c73"
          },
          "private": "eyJlMmJmYjczMC1lY2FhLTExZTYtOGY4OC0zNDM2M2JjN2M0YzAiOnsiY3JlYXRlIjoxODAwMDAwMDAwMDAwLCJkZWxldGUiOjE4MDAwMDAwMDAwMDAsInJlYWQiOjMwMDAwMDAwMDAwMCwidXBkYXRlIjoxODAwMDAwMDAwMDAwfX0=",
          "dependencies": [
            "azurerm_network_security_group.nsg",
            "azurerm_resource_group.rg"
          ]
        }
      ]
    },
    {
      "mode": "managed",
      "type": "azurerm_network_security_rule",
      "name": "prometheus",
      "provider": "provider[\"registry.terraform.io/hashicorp/azurerm\"]",
      "instances": [
        {
          "schema_version": 0,
          "attributes": {
            "access": "Allow",
            "description": "",
            "destination_address_prefix": "*",
            "destination_address_prefixes": null,
            "destination_application_security_group_ids": null,
            "destination_port_range": "9090",
            "destination_port_ranges": null,
            "direction": "Inbound",
            "id": "/subscriptions/dc09713c-7d31-40ff-a15b-47032d864c73/resourceGroups/DevSecOps-Capstone-RG/providers/Microsoft.Network/networkSecurityGroups/jenkins-nsg/securityRules/AllowPrometheus",
            "name": "AllowPrometheus",
            "network_security_group_name": "jenkins-nsg",
            "priority": 140,
            "protocol": "Tcp",
            "resource_group_name": "DevSecOps-Capstone-RG",
            "source_address_prefix": "*",
            "source_address_prefixes": null,
            "source_application_security_group_ids": null,
            "source_port_range": "*",
            "source_port_ranges": null,
            "timeouts": null
          },
          "sensitive_attributes": [],
          "identity_schema_version": 0,
          "identity": {
            "name": "AllowPrometheus",
            "network_security_group_name": "jenkins-nsg",
            "resource_group_name": "DevSecOps-Capstone-RG",
            "subscription_id": "dc09713c-7d31-40ff-a15b-47032d864c73"
          },
          "private": "eyJlMmJmYjczMC1lY2FhLTExZTYtOGY4OC0zNDM2M2JjN2M0YzAiOnsiY3JlYXRlIjoxODAwMDAwMDAwMDAwLCJkZWxldGUiOjE4MDAwMDAwMDAwMDAsInJlYWQiOjMwMDAwMDAwMDAwMCwidXBkYXRlIjoxODAwMDAwMDAwMDAwfX0=",
          "dependencies": [
            "azurerm_network_security_group.nsg",
            "azurerm_resource_group.rg"
          ]
        }
      ]
    },
    {
      "mode": "managed",
      "type": "azurerm_network_security_rule",
      "name": "ssh",
      "provider": "provider[\"registry.terraform.io/hashicorp/azurerm\"]",
      "instances": [
        {
          "schema_version": 0,
          "attributes": {
            "access": "Allow",
            "description": "",
            "destination_address_prefix": "*",
            "destination_address_prefixes": [],
            "destination_application_security_group_ids": [],
            "destination_port_range": "22",
            "destination_port_ranges": [],
            "direction": "Inbound",
            "id": "/subscriptions/dc09713c-7d31-40ff-a15b-47032d864c73/resourceGroups/DevSecOps-Capstone-RG/providers/Microsoft.Network/networkSecurityGroups/jenkins-nsg/securityRules/AllowSSH",
            "name": "AllowSSH",
            "network_security_group_name": "jenkins-nsg",
            "priority": 100,
            "protocol": "Tcp",
            "resource_group_name": "DevSecOps-Capstone-RG",
            "source_address_prefix": "*",
            "source_address_prefixes": [],
            "source_application_security_group_ids": [],
            "source_port_range": "*",
            "source_port_ranges": [],
            "timeouts": null
          },
          "sensitive_attributes": [],
          "identity_schema_version": 0,
          "identity": {
            "name": "AllowSSH",
            "network_security_group_name": "jenkins-nsg",
            "resource_group_name": "DevSecOps-Capstone-RG",
            "subscription_id": "dc09713c-7d31-40ff-a15b-47032d864c73"
          },
          "private": "eyJlMmJmYjczMC1lY2FhLTExZTYtOGY4OC0zNDM2M2JjN2M0YzAiOnsiY3JlYXRlIjoxODAwMDAwMDAwMDAwLCJkZWxldGUiOjE4MDAwMDAwMDAwMDAsInJlYWQiOjMwMDAwMDAwMDAwMCwidXBkYXRlIjoxODAwMDAwMDAwMDAwfSwic2NoZW1hX3ZlcnNpb24iOiIwIn0=",
          "dependencies": [
            "azurerm_network_security_group.nsg",
            "azurerm_resource_group.rg"
          ]
        }
      ]
    },
    {
      "mode": "managed",
      "type": "azurerm_public_ip",
      "name": "pip",
      "provider": "provider[\"registry.terraform.io/hashicorp/azurerm\"]",
      "instances": [
        {
          "schema_version": 0,
          "attributes": {
            "allocation_method": "Static",
            "ddos_protection_mode": "VirtualNetworkInherited",
            "ddos_protection_plan_id": null,
            "domain_name_label": null,
            "domain_name_label_scope": null,
            "edge_zone": "",
            "fqdn": null,
            "id": "/subscriptions/dc09713c-7d31-40ff-a15b-47032d864c73/resourceGroups/DevSecOps-Capstone-RG/providers/Microsoft.Network/publicIPAddresses/jenkins-public-ip",
            "idle_timeout_in_minutes": 4,
            "ip_address": "20.235.35.205",
            "ip_tags": {},
            "ip_version": "IPv4",
            "location": "southindia",
            "name": "jenkins-public-ip",
            "public_ip_prefix_id": null,
            "resource_group_name": "DevSecOps-Capstone-RG",
            "reverse_fqdn": null,
            "sku": "Standard",
            "sku_tier": "Regional",
            "tags": {},
            "timeouts": null,
            "zones": []
          },
          "sensitive_attributes": [],
          "identity_schema_version": 0,
          "identity": {
            "name": "jenkins-public-ip",
            "resource_group_name": "DevSecOps-Capstone-RG",
            "subscription_id": "dc09713c-7d31-40ff-a15b-47032d864c73"
          },
          "private": "eyJlMmJmYjczMC1lY2FhLTExZTYtOGY4OC0zNDM2M2JjN2M0YzAiOnsiY3JlYXRlIjoxODAwMDAwMDAwMDAwLCJkZWxldGUiOjE4MDAwMDAwMDAwMDAsInJlYWQiOjMwMDAwMDAwMDAwMCwidXBkYXRlIjoxODAwMDAwMDAwMDAwfX0=",
          "dependencies": [
            "azurerm_resource_group.rg"
          ]
        }
      ]
    },
    {
      "mode": "managed",
      "type": "azurerm_resource_group",
      "name": "rg",
      "provider": "provider[\"registry.terraform.io/hashicorp/azurerm\"]",
      "instances": [
        {
          "schema_version": 0,
          "attributes": {
            "id": "/subscriptions/dc09713c-7d31-40ff-a15b-47032d864c73/resourceGroups/DevSecOps-Capstone-RG",
            "location": "southindia",
            "managed_by": "",
            "name": "DevSecOps-Capstone-RG",
            "tags": {},
            "timeouts": null
          },
          "sensitive_attributes": [],
          "identity_schema_version": 0,
          "identity": {
            "name": "DevSecOps-Capstone-RG",
            "subscription_id": "dc09713c-7d31-40ff-a15b-47032d864c73"
          },
          "private": "eyJlMmJmYjczMC1lY2FhLTExZTYtOGY4OC0zNDM2M2JjN2M0YzAiOnsiY3JlYXRlIjo1NDAwMDAwMDAwMDAwLCJkZWxldGUiOjU0MDAwMDAwMDAwMDAsInJlYWQiOjMwMDAwMDAwMDAwMCwidXBkYXRlIjo1NDAwMDAwMDAwMDAwfX0="
        }
      ]
    },
    {
      "mode": "managed",
      "type": "azurerm_subnet",
      "name": "subnet",
      "provider": "provider[\"registry.terraform.io/hashicorp/azurerm\"]",
      "instances": [
        {
          "schema_version": 0,
          "attributes": {
            "address_prefixes": [
              "10.0.1.0/24"
            ],
            "default_outbound_access_enabled": true,
            "delegation": [],
            "id": "/subscriptions/dc09713c-7d31-40ff-a15b-47032d864c73/resourceGroups/DevSecOps-Capstone-RG/providers/Microsoft.Network/virtualNetworks/jenkins-vnet/subnets/jenkins-subnet",
            "ip_address_pool": [],
            "name": "jenkins-subnet",
            "private_endpoint_network_policies": "Disabled",
            "private_link_service_network_policies_enabled": true,
            "resource_group_name": "DevSecOps-Capstone-RG",
            "service_endpoint_policy_ids": [],
            "service_endpoints": [],
            "sharing_scope": "",
            "timeouts": null,
            "virtual_network_name": "jenkins-vnet"
          },
          "sensitive_attributes": [],
          "identity_schema_version": 0,
          "identity": {
            "name": "jenkins-subnet",
            "resource_group_name": "DevSecOps-Capstone-RG",
            "subscription_id": "dc09713c-7d31-40ff-a15b-47032d864c73",
            "virtual_network_name": "jenkins-vnet"
          },
          "private": "eyJlMmJmYjczMC1lY2FhLTExZTYtOGY4OC0zNDM2M2JjN2M0YzAiOnsiY3JlYXRlIjoxODAwMDAwMDAwMDAwLCJkZWxldGUiOjE4MDAwMDAwMDAwMDAsInJlYWQiOjMwMDAwMDAwMDAwMCwidXBkYXRlIjoxODAwMDAwMDAwMDAwfX0=",
          "dependencies": [
            "azurerm_resource_group.rg",
            "azurerm_virtual_network.vnet"
          ]
        }
      ]
    },
    {
      "mode": "managed",
      "type": "azurerm_virtual_network",
      "name": "vnet",
      "provider": "provider[\"registry.terraform.io/hashicorp/azurerm\"]",
      "instances": [
        {
          "schema_version": 0,
          "attributes": {
            "address_space": [
              "10.0.0.0/16"
            ],
            "bgp_community": "",
            "ddos_protection_plan": [],
            "dns_servers": [],
            "edge_zone": "",
            "encryption": [],
            "flow_timeout_in_minutes": 0,
            "guid": "d231b6cf-395d-4a03-ac6d-2ab665f5b009",
            "id": "/subscriptions/dc09713c-7d31-40ff-a15b-47032d864c73/resourceGroups/DevSecOps-Capstone-RG/providers/Microsoft.Network/virtualNetworks/jenkins-vnet",
            "ip_address_pool": [],
            "location": "southindia",
            "name": "jenkins-vnet",
            "private_endpoint_vnet_policies": "Disabled",
            "resource_group_name": "DevSecOps-Capstone-RG",
            "subnet": [
              {
                "address_prefixes": [
                  "10.0.1.0/24"
                ],
                "default_outbound_access_enabled": true,
                "delegation": [],
                "id": "/subscriptions/dc09713c-7d31-40ff-a15b-47032d864c73/resourceGroups/DevSecOps-Capstone-RG/providers/Microsoft.Network/virtualNetworks/jenkins-vnet/subnets/jenkins-subnet",
                "name": "jenkins-subnet",
                "private_endpoint_network_policies": "Disabled",
                "private_link_service_network_policies_enabled": true,
                "route_table_id": "",
                "security_group": "",
                "service_endpoint_policy_ids": [],
                "service_endpoints": []
              }
            ],
            "tags": {},
            "timeouts": null
          },
          "sensitive_attributes": [],
          "identity_schema_version": 0,
          "identity": {
            "name": "jenkins-vnet",
            "resource_group_name": "DevSecOps-Capstone-RG",
            "subscription_id": "dc09713c-7d31-40ff-a15b-47032d864c73"
          },
          "private": "eyJlMmJmYjczMC1lY2FhLTExZTYtOGY4OC0zNDM2M2JjN2M0YzAiOnsiY3JlYXRlIjoxODAwMDAwMDAwMDAwLCJkZWxldGUiOjE4MDAwMDAwMDAwMDAsInJlYWQiOjMwMDAwMDAwMDAwMCwidXBkYXRlIjoxODAwMDAwMDAwMDAwfX0=",
          "dependencies": [
            "azurerm_resource_group.rg"
          ]
        }
      ]
    }
  ],
  "check_results": null
}
